
Microsoft Visual Studio Solution File, Format Version 12.00
# Visual Studio Version 17
VisualStudioVersion = 17.4.33110.190
MinimumVisualStudioVersion = 10.0.40219.1
Project("{2150E333-8FDC-42A3-9474-1A3956D46DE8}") = "Services", "Services", "{D777B244-3AF5-46F5-9AEE-25BDCDD8251C}"
EndProject
Project("{2150E333-8FDC-42A3-9474-1A3956D46DE8}") = "Catalog", "Catalog", "{735DEDF3-7A6F-4359-9213-9C923FCA64EE}"
EndProject
Project("{FAE04EC0-301F-11D3-BF4B-00C04F79EFBC}") = "Catalog.API", "Services\Catalog\Catalog.API\Catalog.API.csproj", "{A9BB58E9-F5D8-46C6-A861-C4EA807C9EFA}"
EndProject
Project("{E53339B2-1760-4266-BCC7-CA923CBCF16C}") = "docker-compose", "docker-compose.dcproj", "{2B84FAF1-0495-4AED-9D34-D01E1D4F422A}"
EndProject
Global
	GlobalSection(SolutionConfigurationPlatforms) = preSolution
		Debug|Any CPU = Debug|Any CPU
		Release|Any CPU = Release|Any CPU
	EndGlobalSection
	GlobalSection(ProjectConfigurationPlatforms) = postSolution
		{A9BB58E9-F5D8-46C6-A861-C4EA807C9EFA}.Debug|Any CPU.ActiveCfg = Debug|Any CPU
		{A9BB58E9-F5D8-46C6-A861-C4EA807C9EFA}.Debug|Any CPU.Build.0 = Debug|Any CPU
		{A9BB58E9-F5D8-46C6-A861-C4EA807C9EFA}.Release|Any CPU.ActiveCfg = Release|Any CPU
		{A9BB58E9-F5D8-46C6-A861-C4EA807C9EFA}.Release|Any CPU.Build.0 = Release|Any CPU
		{2B84FAF1-0495-4AED-9D34-D01E1D4F422A}.Debug|Any CPU.ActiveCfg = Debug|Any CPU
		{2B84FAF1-0495-4AED-9D34-D01E1D4F422A}.Debug|Any CPU.Build.0 = Debug|Any CPU
		{2B84FAF1-0495-4AED-9D34-D01E1D4F422A}.Release|Any CPU.ActiveCfg = Release|Any CPU
		{2B84FAF1-0495-4AED-9D34-D01E1D4F422A}.Release|Any CPU.Build.0 = Release|Any CPU
	EndGlobalSection
	GlobalSection(SolutionProperties) = preSolution
		HideSolutionNode = FALSE
	EndGlobalSection
	GlobalSection(NestedProjects) = preSolution
		{735DEDF3-7A6F-4359-9213-9C923FCA64EE} = {D777B244-3AF5-46F5-9AEE-25BDCDD8251C}
		{A9BB58E9-F5D8-46C6-A861-C4EA807C9EFA} = {735DEDF3-7A6F-4359-9213-9C923FCA64EE}
	EndGlobalSection
	GlobalSection(ExtensibilityGlobals) = postSolution
		SolutionGuid = {23EFE256-4E69-4A97-B268-2AE0F79919E7}
	EndGlobalSection
EndGlobal
