
Microsoft Visual Studio Solution File, Format Version 12.00
# Visual Studio Version 17
VisualStudioVersion = 17.4.33110.190
MinimumVisualStudioVersion = 10.0.40219.1
Project("{2150E333-8FDC-42A3-9474-1A3956D46DE8}") = "Services", "Services", "{D777B244-3AF5-46F5-9AEE-25BDCDD8251C}"
EndProject
Project("{2150E333-8FDC-42A3-9474-1A3956D46DE8}") = "Catalog", "Catalog", "{735DEDF3-7A6F-4359-9213-9C923FCA64EE}"
EndProject
Project("{9A19103F-16F7-4668-BE54-9A1E7A4F7556}") = "Catalog.API", "Services\Catalog\Catalog.API\Catalog.API.csproj", "{A9BB58E9-F5D8-46C6-A861-C4EA807C9EFA}"
EndProject
Project("{E53339B2-1760-4266-BCC7-CA923CBCF16C}") = "docker-compose", "docker-compose.dcproj", "{2B84FAF1-0495-4AED-9D34-D01E1D4F422A}"
EndProject
Project("{2150E333-8FDC-42A3-9474-1A3956D46DE8}") = "Discount", "Discount", "{87EF68DE-227A-45F0-9563-94BF042CCF38}"
EndProject
Project("{9A19103F-16F7-4668-BE54-9A1E7A4F7556}") = "Discount.API", "Services\Discount\Discount.API\Discount.API.csproj", "{989D812A-3B21-458F-897B-4C4F9F001BA4}"
EndProject
Project("{9A19103F-16F7-4668-BE54-9A1E7A4F7556}") = "Discount.Grpc", "Services\Discount\Discount.Grpc\Discount.Grpc.csproj", "{2162B434-4881-4B34-94D6-F6F53886C49E}"
EndProject
Project("{2150E333-8FDC-42A3-9474-1A3956D46DE8}") = "Basket", "Basket", "{7007FED8-687C-4399-AAE9-EBA1DD00E3C8}"
EndProject
Project("{9A19103F-16F7-4668-BE54-9A1E7A4F7556}") = "Basket.API", "Services\Basket\Basket.API\Basket.API.csproj", "{F8D145DC-58CB-4D7A-8460-480870E185E2}"
EndProject
Project("{2150E333-8FDC-42A3-9474-1A3956D46DE8}") = "Ordering", "Ordering", "{C5C6D491-01E8-48FC-A4D8-69C9849611D7}"
EndProject
Project("{9A19103F-16F7-4668-BE54-9A1E7A4F7556}") = "Ordering.API", "Services\Ordering\Ordering.API\Ordering.API.csproj", "{5CFAAFF4-E50A-4F48-B572-A29232B35FA2}"
EndProject
Project("{9A19103F-16F7-4668-BE54-9A1E7A4F7556}") = "Ordering.Domain", "Services\Ordering\Ordering.Domain\Ordering.Domain.csproj", "{E675E39D-F5AF-4B3D-BF16-BC190A446518}"
EndProject
Project("{9A19103F-16F7-4668-BE54-9A1E7A4F7556}") = "Ordering.Application", "Services\Ordering\Ordering.Application\Ordering.Application.csproj", "{3E89A6B9-991E-4CA6-9B62-93C0E401F467}"
EndProject
Project("{9A19103F-16F7-4668-BE54-9A1E7A4F7556}") = "Ordering.Infrastructure", "Services\Ordering\Ordering.Infrastructure\Ordering.Infrastructure.csproj", "{AC9BE46E-A0DE-4DC4-AF18-1C09411E123E}"
EndProject
Project("{2150E333-8FDC-42A3-9474-1A3956D46DE8}") = "BuildingBlocks", "BuildingBlocks", "{7BB9955D-26F3-4000-9645-067A0FD59F36}"
EndProject
Project("{9A19103F-16F7-4668-BE54-9A1E7A4F7556}") = "EventBus.Messages", "BuildingBlocks\EventBus.Messages\EventBus.Messages.csproj", "{DB112590-37AF-4754-9BC6-7087775FF77A}"
EndProject
Project("{2150E333-8FDC-42A3-9474-1A3956D46DE8}") = "ApiGateways", "ApiGateways", "{B494ACAA-BF44-4FA5-8089-1E92202B83C8}"
EndProject
Project("{FAE04EC0-301F-11D3-BF4B-00C04F79EFBC}") = "OcelotApiGW", "ApiGateways\OcelotApiGW\OcelotApiGW.csproj", "{09C826E6-F192-473F-AF7B-517A5DA2A557}"
EndProject
Global
	GlobalSection(SolutionConfigurationPlatforms) = preSolution
		Debug|Any CPU = Debug|Any CPU
		Release|Any CPU = Release|Any CPU
	EndGlobalSection
	GlobalSection(ProjectConfigurationPlatforms) = postSolution
		{A9BB58E9-F5D8-46C6-A861-C4EA807C9EFA}.Debug|Any CPU.ActiveCfg = Debug|Any CPU
		{A9BB58E9-F5D8-46C6-A861-C4EA807C9EFA}.Debug|Any CPU.Build.0 = Debug|Any CPU
		{A9BB58E9-F5D8-46C6-A861-C4EA807C9EFA}.Release|Any CPU.ActiveCfg = Release|Any CPU
		{A9BB58E9-F5D8-46C6-A861-C4EA807C9EFA}.Release|Any CPU.Build.0 = Release|Any CPU
		{2B84FAF1-0495-4AED-9D34-D01E1D4F422A}.Debug|Any CPU.ActiveCfg = Debug|Any CPU
		{2B84FAF1-0495-4AED-9D34-D01E1D4F422A}.Debug|Any CPU.Build.0 = Debug|Any CPU
		{2B84FAF1-0495-4AED-9D34-D01E1D4F422A}.Release|Any CPU.ActiveCfg = Release|Any CPU
		{2B84FAF1-0495-4AED-9D34-D01E1D4F422A}.Release|Any CPU.Build.0 = Release|Any CPU
		{989D812A-3B21-458F-897B-4C4F9F001BA4}.Debug|Any CPU.ActiveCfg = Debug|Any CPU
		{989D812A-3B21-458F-897B-4C4F9F001BA4}.Debug|Any CPU.Build.0 = Debug|Any CPU
		{989D812A-3B21-458F-897B-4C4F9F001BA4}.Release|Any CPU.ActiveCfg = Release|Any CPU
		{989D812A-3B21-458F-897B-4C4F9F001BA4}.Release|Any CPU.Build.0 = Release|Any CPU
		{2162B434-4881-4B34-94D6-F6F53886C49E}.Debug|Any CPU.ActiveCfg = Debug|Any CPU
		{2162B434-4881-4B34-94D6-F6F53886C49E}.Debug|Any CPU.Build.0 = Debug|Any CPU
		{2162B434-4881-4B34-94D6-F6F53886C49E}.Release|Any CPU.ActiveCfg = Release|Any CPU
		{2162B434-4881-4B34-94D6-F6F53886C49E}.Release|Any CPU.Build.0 = Release|Any CPU
		{F8D145DC-58CB-4D7A-8460-480870E185E2}.Debug|Any CPU.ActiveCfg = Debug|Any CPU
		{F8D145DC-58CB-4D7A-8460-480870E185E2}.Debug|Any CPU.Build.0 = Debug|Any CPU
		{F8D145DC-58CB-4D7A-8460-480870E185E2}.Release|Any CPU.ActiveCfg = Release|Any CPU
		{F8D145DC-58CB-4D7A-8460-480870E185E2}.Release|Any CPU.Build.0 = Release|Any CPU
		{5CFAAFF4-E50A-4F48-B572-A29232B35FA2}.Debug|Any CPU.ActiveCfg = Debug|Any CPU
		{5CFAAFF4-E50A-4F48-B572-A29232B35FA2}.Debug|Any CPU.Build.0 = Debug|Any CPU
		{5CFAAFF4-E50A-4F48-B572-A29232B35FA2}.Release|Any CPU.ActiveCfg = Release|Any CPU
		{5CFAAFF4-E50A-4F48-B572-A29232B35FA2}.Release|Any CPU.Build.0 = Release|Any CPU
		{E675E39D-F5AF-4B3D-BF16-BC190A446518}.Debug|Any CPU.ActiveCfg = Debug|Any CPU
		{E675E39D-F5AF-4B3D-BF16-BC190A446518}.Debug|Any CPU.Build.0 = Debug|Any CPU
		{E675E39D-F5AF-4B3D-BF16-BC190A446518}.Release|Any CPU.ActiveCfg = Release|Any CPU
		{E675E39D-F5AF-4B3D-BF16-BC190A446518}.Release|Any CPU.Build.0 = Release|Any CPU
		{3E89A6B9-991E-4CA6-9B62-93C0E401F467}.Debug|Any CPU.ActiveCfg = Debug|Any CPU
		{3E89A6B9-991E-4CA6-9B62-93C0E401F467}.Debug|Any CPU.Build.0 = Debug|Any CPU
		{3E89A6B9-991E-4CA6-9B62-93C0E401F467}.Release|Any CPU.ActiveCfg = Release|Any CPU
		{3E89A6B9-991E-4CA6-9B62-93C0E401F467}.Release|Any CPU.Build.0 = Release|Any CPU
		{AC9BE46E-A0DE-4DC4-AF18-1C09411E123E}.Debug|Any CPU.ActiveCfg = Debug|Any CPU
		{AC9BE46E-A0DE-4DC4-AF18-1C09411E123E}.Debug|Any CPU.Build.0 = Debug|Any CPU
		{AC9BE46E-A0DE-4DC4-AF18-1C09411E123E}.Release|Any CPU.ActiveCfg = Release|Any CPU
		{AC9BE46E-A0DE-4DC4-AF18-1C09411E123E}.Release|Any CPU.Build.0 = Release|Any CPU
		{DB112590-37AF-4754-9BC6-7087775FF77A}.Debug|Any CPU.ActiveCfg = Debug|Any CPU
		{DB112590-37AF-4754-9BC6-7087775FF77A}.Debug|Any CPU.Build.0 = Debug|Any CPU
		{DB112590-37AF-4754-9BC6-7087775FF77A}.Release|Any CPU.ActiveCfg = Release|Any CPU
		{DB112590-37AF-4754-9BC6-7087775FF77A}.Release|Any CPU.Build.0 = Release|Any CPU
		{09C826E6-F192-473F-AF7B-517A5DA2A557}.Debug|Any CPU.ActiveCfg = Debug|Any CPU
		{09C826E6-F192-473F-AF7B-517A5DA2A557}.Debug|Any CPU.Build.0 = Debug|Any CPU
		{09C826E6-F192-473F-AF7B-517A5DA2A557}.Release|Any CPU.ActiveCfg = Release|Any CPU
		{09C826E6-F192-473F-AF7B-517A5DA2A557}.Release|Any CPU.Build.0 = Release|Any CPU
	EndGlobalSection
	GlobalSection(SolutionProperties) = preSolution
		HideSolutionNode = FALSE
	EndGlobalSection
	GlobalSection(NestedProjects) = preSolution
		{735DEDF3-7A6F-4359-9213-9C923FCA64EE} = {D777B244-3AF5-46F5-9AEE-25BDCDD8251C}
		{A9BB58E9-F5D8-46C6-A861-C4EA807C9EFA} = {735DEDF3-7A6F-4359-9213-9C923FCA64EE}
		{87EF68DE-227A-45F0-9563-94BF042CCF38} = {D777B244-3AF5-46F5-9AEE-25BDCDD8251C}
		{989D812A-3B21-458F-897B-4C4F9F001BA4} = {87EF68DE-227A-45F0-9563-94BF042CCF38}
		{2162B434-4881-4B34-94D6-F6F53886C49E} = {87EF68DE-227A-45F0-9563-94BF042CCF38}
		{7007FED8-687C-4399-AAE9-EBA1DD00E3C8} = {D777B244-3AF5-46F5-9AEE-25BDCDD8251C}
		{F8D145DC-58CB-4D7A-8460-480870E185E2} = {7007FED8-687C-4399-AAE9-EBA1DD00E3C8}
		{C5C6D491-01E8-48FC-A4D8-69C9849611D7} = {D777B244-3AF5-46F5-9AEE-25BDCDD8251C}
		{5CFAAFF4-E50A-4F48-B572-A29232B35FA2} = {C5C6D491-01E8-48FC-A4D8-69C9849611D7}
		{E675E39D-F5AF-4B3D-BF16-BC190A446518} = {C5C6D491-01E8-48FC-A4D8-69C9849611D7}
		{3E89A6B9-991E-4CA6-9B62-93C0E401F467} = {C5C6D491-01E8-48FC-A4D8-69C9849611D7}
		{AC9BE46E-A0DE-4DC4-AF18-1C09411E123E} = {C5C6D491-01E8-48FC-A4D8-69C9849611D7}
		{DB112590-37AF-4754-9BC6-7087775FF77A} = {7BB9955D-26F3-4000-9645-067A0FD59F36}
		{09C826E6-F192-473F-AF7B-517A5DA2A557} = {B494ACAA-BF44-4FA5-8089-1E92202B83C8}
	EndGlobalSection
	GlobalSection(ExtensibilityGlobals) = postSolution
		SolutionGuid = {23EFE256-4E69-4A97-B268-2AE0F79919E7}
	EndGlobalSection
EndGlobal
